Microsoft Visual Studio Solution File, Format Version 12.00
# Visual Studio 2012
Project("{FAE04EC0-301F-11D3-BF4B-00C04F79EFBC}") = "PokeDesktop", "PokeDesktop.csproj", "{CA50792A-EE15-4364-B63F-3E79BF447976}"
EndProject
Global
	GlobalSection(SolutionConfigurationPlatforms) = preSolution
	Debug|Any CPU = Debug|Any CPU
	ExportDebug|Any CPU = ExportDebug|Any CPU
	ExportRelease|Any CPU = ExportRelease|Any CPU
	EndGlobalSection
	GlobalSection(ProjectConfigurationPlatforms) = postSolution
		{CA50792A-EE15-4364-B63F-3E79BF447976}.Debug|Any CPU.ActiveCfg = Debug|Any CPU
		{CA50792A-EE15-4364-B63F-3E79BF447976}.Debug|Any CPU.Build.0 = Debug|Any CPU
		{CA50792A-EE15-4364-B63F-3E79BF447976}.ExportDebug|Any CPU.ActiveCfg = ExportDebug|Any CPU
		{CA50792A-EE15-4364-B63F-3E79BF447976}.ExportDebug|Any CPU.Build.0 = ExportDebug|Any CPU
		{CA50792A-EE15-4364-B63F-3E79BF447976}.ExportRelease|Any CPU.ActiveCfg = ExportRelease|Any CPU
		{CA50792A-EE15-4364-B63F-3E79BF447976}.ExportRelease|Any CPU.Build.0 = ExportRelease|Any CPU
	EndGlobalSection
EndGlobal
